// !$*UTF8*$!
{
	archiveVersion = 1;
	classes = {
	};
	objectVersion = 55;
	objects = {

/* Begin PBXBuildFile section */
		FA123EB6286E3972005DB86D /* ListRowItemView.swift in Sources */ = {isa = PBXBuildFile; fileRef = FA123EB5286E3972005DB86D /* ListRowItemView.swift */; };
		FA123EBA286E3C3E005DB86D /* CheckboxStyle.swift in Sources */ = {isa = PBXBuildFile; fileRef = FA123EB9286E3C3E005DB86D /* CheckboxStyle.swift */; };
		FA4AC4F1286A4DBD00ECB551 /* DevoteApp.swift in Sources */ = {isa = PBXBuildFile; fileRef = FA4AC4F0286A4DBD00ECB551 /* DevoteApp.swift */; };
		FA4AC4F3286A4DBD00ECB551 /* ContentView.swift in Sources */ = {isa = PBXBuildFile; fileRef = FA4AC4F2286A4DBD00ECB551 /* ContentView.swift */; };
		FA4AC4F5286A4DC100ECB551 /* Assets.xcassets in Resources */ = {isa = PBXBuildFile; fileRef = FA4AC4F4286A4DC100ECB551 /* Assets.xcassets */; };
		FA4AC4F8286A4DC100ECB551 /* Preview Assets.xcassets in Resources */ = {isa = PBXBuildFile; fileRef = FA4AC4F7286A4DC100ECB551 /* Preview Assets.xcassets */; };
		FA4AC4FA286A4DC100ECB551 /* Persistence.swift in Sources */ = {isa = PBXBuildFile; fileRef = FA4AC4F9286A4DC100ECB551 /* Persistence.swift */; };
		FA4AC4FD286A4DC100ECB551 /* Devote.xcdatamodeld in Sources */ = {isa = PBXBuildFile; fileRef = FA4AC4FB286A4DC100ECB551 /* Devote.xcdatamodeld */; };
		FA4AC506286A4EE200ECB551 /* sound-rise.mp3 in Resources */ = {isa = PBXBuildFile; fileRef = FA4AC503286A4EE200ECB551 /* sound-rise.mp3 */; };
		FA4AC507286A4EE200ECB551 /* sound-ding.mp3 in Resources */ = {isa = PBXBuildFile; fileRef = FA4AC504286A4EE200ECB551 /* sound-ding.mp3 */; };
		FA4AC508286A4EE200ECB551 /* sound-tap.mp3 in Resources */ = {isa = PBXBuildFile; fileRef = FA4AC505286A4EE200ECB551 /* sound-tap.mp3 */; };
		FAE470B3286B6EC300B5D964 /* Constant.swift in Sources */ = {isa = PBXBuildFile; fileRef = FAE470B2286B6EC300B5D964 /* Constant.swift */; };
		FAE470B5286B743400B5D964 /* HideKeyboardExtension.swift in Sources */ = {isa = PBXBuildFile; fileRef = FAE470B4286B743400B5D964 /* HideKeyboardExtension.swift */; };
		FAE470B7286B982800B5D964 /* BackgroundImageView.swift in Sources */ = {isa = PBXBuildFile; fileRef = FAE470B6286B982800B5D964 /* BackgroundImageView.swift */; };
		FAE470B9286B992000B5D964 /* NewTaskItemView.swift in Sources */ = {isa = PBXBuildFile; fileRef = FAE470B8286B992000B5D964 /* NewTaskItemView.swift */; };
		FAE470BB286B9E2700B5D964 /* BlankView.swift in Sources */ = {isa = PBXBuildFile; fileRef = FAE470BA286B9E2700B5D964 /* BlankView.swift */; };
/* End PBXBuildFile section */

/* Begin PBXFileReference section */
		FA05E7FC286A50A000737DE4 /* Info.plist */ = {isa = PBXFileReference; lastKnownFileType = text.plist; path = Info.plist; sourceTree = "<group>"; };
		FA123EB5286E3972005DB86D /* ListRowItemView.swift */ = {isa = PBXFileReference; lastKnownFileType = sourcecode.swift; path = ListRowItemView.swift; sourceTree = "<group>"; };
		FA123EB9286E3C3E005DB86D /* CheckboxStyle.swift */ = {isa = PBXFileReference; lastKnownFileType = sourcecode.swift; path = CheckboxStyle.swift; sourceTree = "<group>"; };
		FA4AC4ED286A4DBD00ECB551 /* Devote.app */ = {isa = PBXFileReference; explicitFileType = wrapper.application; includeInIndex = 0; path = Devote.app; sourceTree = BUILT_PRODUCTS_DIR; };
		FA4AC4F0286A4DBD00ECB551 /* DevoteApp.swift */ = {isa = PBXFileReference; lastKnownFileType = sourcecode.swift; path = DevoteApp.swift; sourceTree = "<group>"; };
		FA4AC4F2286A4DBD00ECB551 /* ContentView.swift */ = {isa = PBXFileReference; lastKnownFileType = sourcecode.swift; path = ContentView.swift; sourceTree = "<group>"; };
		FA4AC4F4286A4DC100ECB551 /* Assets.xcassets */ = {isa = PBXFileReference; lastKnownFileType = folder.assetcatalog; path = Assets.xcassets; sourceTree = "<group>"; };
		FA4AC4F7286A4DC100ECB551 /* Preview Assets.xcassets */ = {isa = PBXFileReference; lastKnownFileType = folder.assetcatalog; path = "Preview Assets.xcassets"; sourceTree = "<group>"; };
		FA4AC4F9286A4DC100ECB551 /* Persistence.swift */ = {isa = PBXFileReference; lastKnownFileType = sourcecode.swift; path = Persistence.swift; sourceTree = "<group>"; };
		FA4AC4FC286A4DC100ECB551 /* Devote.xcdatamodel */ = {isa = PBXFileReference; lastKnownFileType = wrapper.xcdatamodel; path = Devote.xcdatamodel; sourceTree = "<group>"; };
		FA4AC503286A4EE200ECB551 /* sound-rise.mp3 */ = {isa = PBXFileReference; lastKnownFileType = audio.mp3; name = "sound-rise.mp3"; path = "../sound-rise.mp3"; sourceTree = "<group>"; };
		FA4AC504286A4EE200ECB551 /* sound-ding.mp3 */ = {isa = PBXFileReference; lastKnownFileType = audio.mp3; name = "sound-ding.mp3"; path = "../sound-ding.mp3"; sourceTree = "<group>"; };
		FA4AC505286A4EE200ECB551 /* sound-tap.mp3 */ = {isa = PBXFileReference; lastKnownFileType = audio.mp3; name = "sound-tap.mp3"; path = "../sound-tap.mp3"; sourceTree = "<group>"; };
		FAE470B2286B6EC300B5D964 /* Constant.swift */ = {isa = PBXFileReference; lastKnownFileType = sourcecode.swift; path = Constant.swift; sourceTree = "<group>"; };
		FAE470B4286B743400B5D964 /* HideKeyboardExtension.swift */ = {isa = PBXFileReference; lastKnownFileType = sourcecode.swift; path = HideKeyboardExtension.swift; sourceTree = "<group>"; };
		FAE470B6286B982800B5D964 /* BackgroundImageView.swift */ = {isa = PBXFileReference; lastKnownFileType = sourcecode.swift; path = BackgroundImageView.swift; sourceTree = "<group>"; };
		FAE470B8286B992000B5D964 /* NewTaskItemView.swift */ = {isa = PBXFileReference; lastKnownFileType = sourcecode.swift; path = NewTaskItemView.swift; sourceTree = "<group>"; };
		FAE470BA286B9E2700B5D964 /* BlankView.swift */ = {isa = PBXFileReference; lastKnownFileType = sourcecode.swift; path = BlankView.swift; sourceTree = "<group>"; };
/* End PBXFileReference section */

/* Begin PBXFrameworksBuildPhase section */
		FA4AC4EA286A4DBD00ECB551 /* Frameworks */ = {
			isa = PBXFrameworksBuildPhase;
			buildActionMask = 2147483647;
			files = (
			);
			runOnlyForDeploymentPostprocessing = 0;
		};
/* End PBXFrameworksBuildPhase section */

/* Begin PBXGroup section */
		FA05E7F8286A4FE700737DE4 /* Extension */ = {
			isa = PBXGroup;
			children = (
				FAE470B4286B743400B5D964 /* HideKeyboardExtension.swift */,
			);
			path = Extension;
			sourceTree = "<group>";
		};
		FA05E7F9286A4FF000737DE4 /* Utility */ = {
			isa = PBXGroup;
			children = (
				FAE470B2286B6EC300B5D964 /* Constant.swift */,
			);
			path = Utility;
			sourceTree = "<group>";
		};
		FA05E7FA286A4FFA00737DE4 /* Style */ = {
			isa = PBXGroup;
			children = (
				FA123EB9286E3C3E005DB86D /* CheckboxStyle.swift */,
			);
			path = Style;
			sourceTree = "<group>";
		};
		FA05E7FB286A501900737DE4 /* Model */ = {
			isa = PBXGroup;
			children = (
				FA4AC4F9286A4DC100ECB551 /* Persistence.swift */,
				FA4AC4FB286A4DC100ECB551 /* Devote.xcdatamodeld */,
			);
			path = Model;
			sourceTree = "<group>";
		};
		FA4AC4E4286A4DBD00ECB551 = {
			isa = PBXGroup;
			children = (
				FA4AC4EF286A4DBD00ECB551 /* Devote */,
				FA4AC4EE286A4DBD00ECB551 /* Products */,
			);
			sourceTree = "<group>";
		};
		FA4AC4EE286A4DBD00ECB551 /* Products */ = {
			isa = PBXGroup;
			children = (
				FA4AC4ED286A4DBD00ECB551 /* Devote.app */,
			);
			name = Products;
			sourceTree = "<group>";
		};
		FA4AC4EF286A4DBD00ECB551 /* Devote */ = {
			isa = PBXGroup;
			children = (
				FA05E7FC286A50A000737DE4 /* Info.plist */,
				FA4AC4F0286A4DBD00ECB551 /* DevoteApp.swift */,
				FA4AC50A286A4F2100ECB551 /* View */,
				FA05E7FB286A501900737DE4 /* Model */,
				FA05E7FA286A4FFA00737DE4 /* Style */,
				FA05E7F9286A4FF000737DE4 /* Utility */,
				FA05E7F8286A4FE700737DE4 /* Extension */,
				FA4AC509286A4F0600ECB551 /* Sound */,
				FA4AC4F4286A4DC100ECB551 /* Assets.xcassets */,
				FA4AC4F6286A4DC100ECB551 /* Preview Content */,
			);
			path = Devote;
			sourceTree = "<group>";
		};
		FA4AC4F6286A4DC100ECB551 /* Preview Content */ = {
			isa = PBXGroup;
			children = (
				FA4AC4F7286A4DC100ECB551 /* Preview Assets.xcassets */,
			);
			path = "Preview Content";
			sourceTree = "<group>";
		};
		FA4AC509286A4F0600ECB551 /* Sound */ = {
			isa = PBXGroup;
			children = (
				FA4AC504286A4EE200ECB551 /* sound-ding.mp3 */,
				FA4AC503286A4EE200ECB551 /* sound-rise.mp3 */,
				FA4AC505286A4EE200ECB551 /* sound-tap.mp3 */,
			);
			path = Sound;
			sourceTree = "<group>";
		};
		FA4AC50A286A4F2100ECB551 /* View */ = {
			isa = PBXGroup;
			children = (
				FA4AC4F2286A4DBD00ECB551 /* ContentView.swift */,
				FAE470B6286B982800B5D964 /* BackgroundImageView.swift */,
				FAE470B8286B992000B5D964 /* NewTaskItemView.swift */,
				FAE470BA286B9E2700B5D964 /* BlankView.swift */,
				FA123EB5286E3972005DB86D /* ListRowItemView.swift */,
			);
			path = View;
			sourceTree = "<group>";
		};
/* End PBXGroup section */

/* Begin PBXNativeTarget section */
		FA4AC4EC286A4DBD00ECB551 /* Devote */ = {
			isa = PBXNativeTarget;
			buildConfigurationList = FA4AC500286A4DC100ECB551 /* Build configuration list for PBXNativeTarget "Devote" */;
			buildPhases = (
				FA4AC4E9286A4DBD00ECB551 /* Sources */,
				FA4AC4EA286A4DBD00ECB551 /* Frameworks */,
				FA4AC4EB286A4DBD00ECB551 /* Resources */,
			);
			buildRules = (
			);
			dependencies = (
			);
			name = Devote;
			productName = Devote;
			productReference = FA4AC4ED286A4DBD00ECB551 /* Devote.app */;
			productType = "com.apple.product-type.application";
		};
/* End PBXNativeTarget section */

/* Begin PBXProject section */
		FA4AC4E5286A4DBD00ECB551 /* Project object */ = {
			isa = PBXProject;
			attributes = {
				BuildIndependentTargetsInParallel = 1;
				LastSwiftUpdateCheck = 1340;
				LastUpgradeCheck = 1340;
				TargetAttributes = {
					FA4AC4EC286A4DBD00ECB551 = {
						CreatedOnToolsVersion = 13.4.1;
					};
				};
			};
			buildConfigurationList = FA4AC4E8286A4DBD00ECB551 /* Build configuration list for PBXProject "Devote" */;
			compatibilityVersion = "Xcode 13.0";
			developmentRegion = en;
			hasScannedForEncodings = 0;
			knownRegions = (
				en,
				Base,
			);
			mainGroup = FA4AC4E4286A4DBD00ECB551;
			productRefGroup = FA4AC4EE286A4DBD00ECB551 /* Products */;
			projectDirPath = "";
			projectRoot = "";
			targets = (
				FA4AC4EC286A4DBD00ECB551 /* Devote */,
			);
		};
/* End PBXProject section */

/* Begin PBXResourcesBuildPhase section */
		FA4AC4EB286A4DBD00ECB551 /* Resources */ = {
			isa = PBXResourcesBuildPhase;
			buildActionMask = 2147483647;
			files = (
				FA4AC507286A4EE200ECB551 /* sound-ding.mp3 in Resources */,
				FA4AC506286A4EE200ECB551 /* sound-rise.mp3 in Resources */,
				FA4AC4F8286A4DC100ECB551 /* Preview Assets.xcassets in Resources */,
				FA4AC508286A4EE200ECB551 /* sound-tap.mp3 in Resources */,
				FA4AC4F5286A4DC100ECB551 /* Assets.xcassets in Resources */,
			);
			runOnlyForDeploymentPostprocessing = 0;
		};
/* End PBXResourcesBuildPhase section */

/* Begin PBXSourcesBuildPhase section */
		FA4AC4E9286A4DBD00ECB551 /* Sources */ = {
			isa = PBXSourcesBuildPhase;
			buildActionMask = 2147483647;
			files = (
				FA4AC4FA286A4DC100ECB551 /* Persistence.swift in Sources */,
				FAE470B7286B982800B5D964 /* BackgroundImageView.swift in Sources */,
				FA4AC4F3286A4DBD00ECB551 /* ContentView.swift in Sources */,
				FAE470B5286B743400B5D964 /* HideKeyboardExtension.swift in Sources */,
				FAE470BB286B9E2700B5D964 /* BlankView.swift in Sources */,
				FAE470B3286B6EC300B5D964 /* Constant.swift in Sources */,
				FA123EB6286E3972005DB86D /* ListRowItemView.swift in Sources */,
				FA4AC4FD286A4DC100ECB551 /* Devote.xcdatamodeld in Sources */,
				FA4AC4F1286A4DBD00ECB551 /* DevoteApp.swift in Sources */,
				FA123EBA286E3C3E005DB86D /* CheckboxStyle.swift in Sources */,
				FAE470B9286B992000B5D964 /* NewTaskItemView.swift in Sources */,
			);
			runOnlyForDeploymentPostprocessing = 0;
		};
/* End PBXSourcesBuildPhase section */

/* Begin XCBuildConfiguration section */
		FA4AC4FE286A4DC100ECB551 /* Debug */ = {
			isa = XCBuildConfiguration;
			buildSettings = {
				ALWAYS_SEARCH_USER_PATHS = NO;
				CLANG_ANALYZER_NONNULL = YES;
				CLANG_ANALYZER_NUMBER_OBJECT_CONVERSION = YES_AGGRESSIVE;
				CLANG_CXX_LANGUAGE_STANDARD = "gnu++17";
				CLANG_ENABLE_MODULES = YES;
				CLANG_ENABLE_OBJC_ARC = YES;
				CLANG_ENABLE_OBJC_WEAK = YES;
				CLANG_WARN_BLOCK_CAPTURE_AUTORELEASING = YES;
				CLANG_WARN_BOOL_CONVERSION = YES;
				CLANG_WARN_COMMA = YES;
				CLANG_WARN_CONSTANT_CONVERSION = YES;
				CLANG_WARN_DEPRECATED_OBJC_IMPLEMENTATIONS = YES;
				CLANG_WARN_DIRECT_OBJC_ISA_USAGE = YES_ERROR;
				CLANG_WARN_DOCUMENTATION_COMMENTS = YES;
				CLANG_WARN_EMPTY_BODY = YES;
				CLANG_WARN_ENUM_CONVERSION = YES;
				CLANG_WARN_INFINITE_RECURSION = YES;
				CLANG_WARN_INT_CONVERSION = YES;
				CLANG_WARN_NON_LITERAL_NULL_CONVERSION = YES;
				CLANG_WARN_OBJC_IMPLICIT_RETAIN_SELF = YES;
				CLANG_WARN_OBJC_LITERAL_CONVERSION = YES;
				CLANG_WARN_OBJC_ROOT_CLASS = YES_ERROR;
				CLANG_WARN_QUOTED_INCLUDE_IN_FRAMEWORK_HEADER = YES;
				CLANG_WARN_RANGE_LOOP_ANALYSIS = YES;
				CLANG_WARN_STRICT_PROTOTYPES = YES;
				CLANG_WARN_SUSPICIOUS_MOVE = YES;
				CLANG_WARN_UNGUARDED_AVAILABILITY = YES_AGGRESSIVE;
				CLANG_WARN_UNREACHABLE_CODE = YES;
				CLANG_WARN__DUPLICATE_METHOD_MATCH = YES;
				COPY_PHASE_STRIP = NO;
				DEBUG_INFORMATION_FORMAT = dwarf;
				ENABLE_STRICT_OBJC_MSGSEND = YES;
				ENABLE_TESTABILITY = YES;
				GCC_C_LANGUAGE_STANDARD = gnu11;
				GCC_DYNAMIC_NO_PIC = NO;
				GCC_NO_COMMON_BLOCKS = YES;
				GCC_OPTIMIZATION_LEVEL = 0;
				GCC_PREPROCESSOR_DEFINITIONS = (
					"DEBUG=1",
					"$(inherited)",
				);
				GCC_WARN_64_TO_32_BIT_CONVERSION = YES;
				GCC_WARN_ABOUT_RETURN_TYPE = YES_ERROR;
				GCC_WARN_UNDECLARED_SELECTOR = YES;
				GCC_WARN_UNINITIALIZED_AUTOS = YES_AGGRESSIVE;
				GCC_WARN_UNUSED_FUNCTION = YES;
				GCC_WARN_UNUSED_VARIABLE = YES;
				IPHONEOS_DEPLOYMENT_TARGET = 15.5;
				MTL_ENABLE_DEBUG_INFO = INCLUDE_SOURCE;
				MTL_FAST_MATH = YES;
				ONLY_ACTIVE_ARCH = YES;
				SDKROOT = iphoneos;
				SWIFT_ACTIVE_COMPILATION_CONDITIONS = DEBUG;
				SWIFT_OPTIMIZATION_LEVEL = "-Onone";
			};
			name = Debug;
		};
		FA4AC4FF286A4DC100ECB551 /* Release */ = {
			isa = XCBuildConfiguration;
			buildSettings = {
				ALWAYS_SEARCH_USER_PATHS = NO;
				CLANG_ANALYZER_NONNULL = YES;
				CLANG_ANALYZER_NUMBER_OBJECT_CONVERSION = YES_AGGRESSIVE;
				CLANG_CXX_LANGUAGE_STANDARD = "gnu++17";
				CLANG_ENABLE_MODULES = YES;
				CLANG_ENABLE_OBJC_ARC = YES;
				CLANG_ENABLE_OBJC_WEAK = YES;
				CLANG_WARN_BLOCK_CAPTURE_AUTORELEASING = YES;
				CLANG_WARN_BOOL_CONVERSION = YES;
				CLANG_WARN_COMMA = YES;
				CLANG_WARN_CONSTANT_CONVERSION = YES;
				CLANG_WARN_DEPRECATED_OBJC_IMPLEMENTATIONS = YES;
				CLANG_WARN_DIRECT_OBJC_ISA_USAGE = YES_ERROR;
				CLANG_WARN_DOCUMENTATION_COMMENTS = YES;
				CLANG_WARN_EMPTY_BODY = YES;
				CLANG_WARN_ENUM_CONVERSION = YES;
				CLANG_WARN_INFINITE_RECURSION = YES;
				CLANG_WARN_INT_CONVERSION = YES;
				CLANG_WARN_NON_LITERAL_NULL_CONVERSION = YES;
				CLANG_WARN_OBJC_IMPLICIT_RETAIN_SELF = YES;
				CLANG_WARN_OBJC_LITERAL_CONVERSION = YES;
				CLANG_WARN_OBJC_ROOT_CLASS = YES_ERROR;
				CLANG_WARN_QUOTED_INCLUDE_IN_FRAMEWORK_HEADER = YES;
				CLANG_WARN_RANGE_LOOP_ANALYSIS = YES;
				CLANG_WARN_STRICT_PROTOTYPES = YES;
				CLANG_WARN_SUSPICIOUS_MOVE = YES;
				CLANG_WARN_UNGUARDED_AVAILABILITY = YES_AGGRESSIVE;
				CLANG_WARN_UNREACHABLE_CODE = YES;
				CLANG_WARN__DUPLICATE_METHOD_MATCH = YES;
				COPY_PHASE_STRIP = NO;
				DEBUG_INFORMATION_FORMAT = "dwarf-with-dsym";
				ENABLE_NS_ASSERTIONS = NO;
				ENABLE_STRICT_OBJC_MSGSEND = YES;
				GCC_C_LANGUAGE_STANDARD = gnu11;
				GCC_NO_COMMON_BLOCKS = YES;
				GCC_WARN_64_TO_32_BIT_CONVERSION = YES;
				GCC_WARN_ABOUT_RETURN_TYPE = YES_ERROR;
				GCC_WARN_UNDECLARED_SELECTOR = YES;
				GCC_WARN_UNINITIALIZED_AUTOS = YES_AGGRESSIVE;
				GCC_WARN_UNUSED_FUNCTION = YES;
				GCC_WARN_UNUSED_VARIABLE = YES;
				IPHONEOS_DEPLOYMENT_TARGET = 15.5;
				MTL_ENABLE_DEBUG_INFO = NO;
				MTL_FAST_MATH = YES;
				SDKROOT = iphoneos;
				SWIFT_COMPILATION_MODE = wholemodule;
				SWIFT_OPTIMIZATION_LEVEL = "-O";
				VALIDATE_PRODUCT = YES;
			};
			name = Release;
		};
		FA4AC501286A4DC100ECB551 /* Debug */ = {
			isa = XCBuildConfiguration;
			buildSettings = {
				ASSETCATALOG_COMPILER_APPICON_NAME = AppIcon;
				ASSETCATALOG_COMPILER_GLOBAL_ACCENT_COLOR_NAME = AccentColor;
				CODE_SIGN_STYLE = Automatic;
				CURRENT_PROJECT_VERSION = 1;
				DEVELOPMENT_ASSET_PATHS = "\"Devote/Preview Content\"";
				DEVELOPMENT_TEAM = UNSBUCHFN8;
				ENABLE_PREVIEWS = YES;
				GENERATE_INFOPLIST_FILE = YES;
				INFOPLIST_FILE = Devote/Info.plist;
				INFOPLIST_KEY_UIApplicationSceneManifest_Generation = YES;
				INFOPLIST_KEY_UIApplicationSupportsIndirectInputEvents = YES;
				INFOPLIST_KEY_UISupportedInterfaceOrientations = UIInterfaceOrientationPortrait;
				INFOPLIST_KEY_UISupportedInterfaceOrientations_iPad = "UIInterfaceOrientationPortrait UIInterfaceOrientationPortraitUpsideDown UIInterfaceOrientationLandscapeLeft UIInterfaceOrientationLandscapeRight";
				INFOPLIST_KEY_UISupportedInterfaceOrientations_iPhone = UIInterfaceOrientationPortrait;
				LD_RUNPATH_SEARCH_PATHS = (
					"$(inherited)",
					"@executable_path/Frameworks",
				);
				MARKETING_VERSION = 1.0;
				PRODUCT_BUNDLE_IDENTIFIER = com.aleksandrspetruhins.Devote;
				PRODUCT_NAME = "$(TARGET_NAME)";
				SWIFT_EMIT_LOC_STRINGS = YES;
				SWIFT_VERSION = 5.0;
				TARGETED_DEVICE_FAMILY = "1,2";
			};
			name = Debug;
		};
		FA4AC502286A4DC100ECB551 /* Release */ = {
			isa = XCBuildConfiguration;
			buildSettings = {
				ASSETCATALOG_COMPILER_APPICON_NAME = AppIcon;
				ASSETCATALOG_COMPILER_GLOBAL_ACCENT_COLOR_NAME = AccentColor;
				CODE_SIGN_STYLE = Automatic;
				CURRENT_PROJECT_VERSION = 1;
				DEVELOPMENT_ASSET_PATHS = "\"Devote/Preview Content\"";
				DEVELOPMENT_TEAM = UNSBUCHFN8;
				ENABLE_PREVIEWS = YES;
				GENERATE_INFOPLIST_FILE = YES;
				INFOPLIST_FILE = Devote/Info.plist;
				INFOPLIST_KEY_UIApplicationSceneManifest_Generation = YES;
				INFOPLIST_KEY_UIApplicationSupportsIndirectInputEvents = YES;
				INFOPLIST_KEY_UISupportedInterfaceOrientations = UIInterfaceOrientationPortrait;
				INFOPLIST_KEY_UISupportedInterfaceOrientations_iPad = "UIInterfaceOrientationPortrait UIInterfaceOrientationPortraitUpsideDown UIInterfaceOrientationLandscapeLeft UIInterfaceOrientationLandscapeRight";
				INFOPLIST_KEY_UISupportedInterfaceOrientations_iPhone = UIInterfaceOrientationPortrait;
				LD_RUNPATH_SEARCH_PATHS = (
					"$(inherited)",
					"@executable_path/Frameworks",
				);
				MARKETING_VERSION = 1.0;
				PRODUCT_BUNDLE_IDENTIFIER = com.aleksandrspetruhins.Devote;
				PRODUCT_NAME = "$(TARGET_NAME)";
				SWIFT_EMIT_LOC_STRINGS = YES;
				SWIFT_VERSION = 5.0;
				TARGETED_DEVICE_FAMILY = "1,2";
			};
			name = Release;
		};
/* End XCBuildConfiguration section */

/* Begin XCConfigurationList section */
		FA4AC4E8286A4DBD00ECB551 /* Build configuration list for PBXProject "Devote" */ = {
			isa = XCConfigurationList;
			buildConfigurations = (
				FA4AC4FE286A4DC100ECB551 /* Debug */,
				FA4AC4FF286A4DC100ECB551 /* Release */,
			);
			defaultConfigurationIsVisible = 0;
			defaultConfigurationName = Release;
		};
		FA4AC500286A4DC100ECB551 /* Build configuration list for PBXNativeTarget "Devote" */ = {
			isa = XCConfigurationList;
			buildConfigurations = (
				FA4AC501286A4DC100ECB551 /* Debug */,
				FA4AC502286A4DC100ECB551 /* Release */,
			);
			defaultConfigurationIsVisible = 0;
			defaultConfigurationName = Release;
		};
/* End XCConfigurationList section */

/* Begin XCVersionGroup section */
		FA4AC4FB286A4DC100ECB551 /* Devote.xcdatamodeld */ = {
			isa = XCVersionGroup;
			children = (
				FA4AC4FC286A4DC100ECB551 /* Devote.xcdatamodel */,
			);
			currentVersion = FA4AC4FC286A4DC100ECB551 /* Devote.xcdatamodel */;
			path = Devote.xcdatamodeld;
			sourceTree = "<group>";
			versionGroupType = wrapper.xcdatamodel;
		};
/* End XCVersionGroup section */
	};
	rootObject = FA4AC4E5286A4DBD00ECB551 /* Project object */;
}
